
Microsoft Visual Studio Solution File, Format Version 12.00
# Visual Studio Version 16
VisualStudioVersion = 16.0.31019.35
MinimumVisualStudioVersion = 10.0.40219.1
Project("{FAE04EC0-301F-11D3-BF4B-00C04F79EFBC}") = "HomeWork3", "HomeWork3.csproj", "{52954388-2870-4044-A9A3-5CB00D6DE218}"
EndProject
Global
	GlobalSection(SolutionConfigurationPlatforms) = preSolution
		Debug|Any CPU = Debug|Any CPU
		Release|Any CPU = Release|Any CPU
	EndGlobalSection
	GlobalSection(ProjectConfigurationPlatforms) = postSolution
		{52954388-2870-4044-A9A3-5CB00D6DE218}.Debug|Any CPU.ActiveCfg = Debug|Any CPU
		{52954388-2870-4044-A9A3-5CB00D6DE218}.Debug|Any CPU.Build.0 = Debug|Any CPU
		{52954388-2870-4044-A9A3-5CB00D6DE218}.Release|Any CPU.ActiveCfg = Release|Any CPU
		{52954388-2870-4044-A9A3-5CB00D6DE218}.Release|Any CPU.Build.0 = Release|Any CPU
	EndGlobalSection
	GlobalSection(SolutionProperties) = preSolution
		HideSolutionNode = FALSE
	EndGlobalSection
	GlobalSection(ExtensibilityGlobals) = postSolution
		SolutionGuid = {5CBF694B-5961-4D90-94F9-0DC820CA86EA}
	EndGlobalSection
EndGlobal
