
Microsoft Visual Studio Solution File, Format Version 12.00
# Visual Studio Version 16
VisualStudioVersion = 16.0.31005.135
MinimumVisualStudioVersion = 10.0.40219.1
Project("{9A19103F-16F7-4668-BE54-9A1E7A4F7556}") = "HomeWork2.2", "HomeWork2.2\HomeWork2.2.csproj", "{50E31344-E311-42A4-B5CA-90AAB86FD5AF}"
EndProject
Project("{9A19103F-16F7-4668-BE54-9A1E7A4F7556}") = "HomeWork2.1", "HomeWork2.1\HomeWork2.1.csproj", "{B15992A6-25DC-47D7-99D8-EA0A1395BDF4}"
EndProject
Global
	GlobalSection(SolutionConfigurationPlatforms) = preSolution
		Debug|Any CPU = Debug|Any CPU
		Release|Any CPU = Release|Any CPU
	EndGlobalSection
	GlobalSection(ProjectConfigurationPlatforms) = postSolution
		{50E31344-E311-42A4-B5CA-90AAB86FD5AF}.Debug|Any CPU.ActiveCfg = Debug|Any CPU
		{50E31344-E311-42A4-B5CA-90AAB86FD5AF}.Debug|Any CPU.Build.0 = Debug|Any CPU
		{50E31344-E311-42A4-B5CA-90AAB86FD5AF}.Release|Any CPU.ActiveCfg = Release|Any CPU
		{50E31344-E311-42A4-B5CA-90AAB86FD5AF}.Release|Any CPU.Build.0 = Release|Any CPU
		{B15992A6-25DC-47D7-99D8-EA0A1395BDF4}.Debug|Any CPU.ActiveCfg = Debug|Any CPU
		{B15992A6-25DC-47D7-99D8-EA0A1395BDF4}.Debug|Any CPU.Build.0 = Debug|Any CPU
		{B15992A6-25DC-47D7-99D8-EA0A1395BDF4}.Release|Any CPU.ActiveCfg = Release|Any CPU
		{B15992A6-25DC-47D7-99D8-EA0A1395BDF4}.Release|Any CPU.Build.0 = Release|Any CPU
	EndGlobalSection
	GlobalSection(SolutionProperties) = preSolution
		HideSolutionNode = FALSE
	EndGlobalSection
	GlobalSection(ExtensibilityGlobals) = postSolution
		SolutionGuid = {98FC5EB4-6ECA-449F-B149-418028FEF9CE}
	EndGlobalSection
EndGlobal
