
Microsoft Visual Studio Solution File, Format Version 12.00
# Visual Studio Version 16
VisualStudioVersion = 16.0.31005.135
MinimumVisualStudioVersion = 10.0.40219.1
Project("{FAE04EC0-301F-11D3-BF4B-00C04F79EFBC}") = "HomeWork1.1", "HomeWork1.1.csproj", "{6396424F-6DBF-41E6-B8FF-9DA8C97192D2}"
EndProject
Project("{FAE04EC0-301F-11D3-BF4B-00C04F79EFBC}") = "HomeWork1.2", "..\HomeWork1.2\HomeWork1.2.csproj", "{BFBBCD71-7D7D-4852-84C9-C29810962AC8}"
EndProject
Project("{FAE04EC0-301F-11D3-BF4B-00C04F79EFBC}") = "HomeWork1.3", "..\HomeWork1.3\HomeWork1.3.csproj", "{458402E3-FA27-4535-872A-C913441292BC}"
EndProject
Global
	GlobalSection(SolutionConfigurationPlatforms) = preSolution
		Debug|Any CPU = Debug|Any CPU
		Release|Any CPU = Release|Any CPU
	EndGlobalSection
	GlobalSection(ProjectConfigurationPlatforms) = postSolution
		{6396424F-6DBF-41E6-B8FF-9DA8C97192D2}.Debug|Any CPU.ActiveCfg = Debug|Any CPU
		{6396424F-6DBF-41E6-B8FF-9DA8C97192D2}.Debug|Any CPU.Build.0 = Debug|Any CPU
		{6396424F-6DBF-41E6-B8FF-9DA8C97192D2}.Release|Any CPU.ActiveCfg = Release|Any CPU
		{6396424F-6DBF-41E6-B8FF-9DA8C97192D2}.Release|Any CPU.Build.0 = Release|Any CPU
		{BFBBCD71-7D7D-4852-84C9-C29810962AC8}.Debug|Any CPU.ActiveCfg = Debug|Any CPU
		{BFBBCD71-7D7D-4852-84C9-C29810962AC8}.Debug|Any CPU.Build.0 = Debug|Any CPU
		{BFBBCD71-7D7D-4852-84C9-C29810962AC8}.Release|Any CPU.ActiveCfg = Release|Any CPU
		{BFBBCD71-7D7D-4852-84C9-C29810962AC8}.Release|Any CPU.Build.0 = Release|Any CPU
		{458402E3-FA27-4535-872A-C913441292BC}.Debug|Any CPU.ActiveCfg = Debug|Any CPU
		{458402E3-FA27-4535-872A-C913441292BC}.Debug|Any CPU.Build.0 = Debug|Any CPU
		{458402E3-FA27-4535-872A-C913441292BC}.Release|Any CPU.ActiveCfg = Release|Any CPU
		{458402E3-FA27-4535-872A-C913441292BC}.Release|Any CPU.Build.0 = Release|Any CPU
	EndGlobalSection
	GlobalSection(SolutionProperties) = preSolution
		HideSolutionNode = FALSE
	EndGlobalSection
	GlobalSection(ExtensibilityGlobals) = postSolution
		SolutionGuid = {2BA17C73-DB56-4EFD-A1F8-44940FA55C76}
	EndGlobalSection
EndGlobal
